
Microsoft Visual Studio Solution File, Format Version 12.00
# Visual Studio 15
VisualStudioVersion = 15.0.28307.1433
MinimumVisualStudioVersion = 10.0.40219.1
Project("{FAE04EC0-301F-11D3-BF4B-00C04F79EFBC}") = "WinFormTitle page", "WindowsFormsApp1\WinFormTitle page.csproj", "{B8728AAD-6A88-49DA-A099-D3FBC1041385}"
EndProject
Global
	GlobalSection(SolutionConfigurationPlatforms) = preSolution
		Debug|Any CPU = Debug|Any CPU
		Release|Any CPU = Release|Any CPU
	EndGlobalSection
	GlobalSection(ProjectConfigurationPlatforms) = postSolution
		{B8728AAD-6A88-49DA-A099-D3FBC1041385}.Debug|Any CPU.ActiveCfg = Debug|Any CPU
		{B8728AAD-6A88-49DA-A099-D3FBC1041385}.Debug|Any CPU.Build.0 = Debug|Any CPU
		{B8728AAD-6A88-49DA-A099-D3FBC1041385}.Release|Any CPU.ActiveCfg = Release|Any CPU
		{B8728AAD-6A88-49DA-A099-D3FBC1041385}.Release|Any CPU.Build.0 = Release|Any CPU
	EndGlobalSection
	GlobalSection(SolutionProperties) = preSolution
		HideSolutionNode = FALSE
	EndGlobalSection
	GlobalSection(ExtensibilityGlobals) = postSolution
		SolutionGuid = {555648FB-A57A-4303-B944-57541C5240DB}
	EndGlobalSection
EndGlobal
